// !$*UTF8*$!
{
	archiveVersion = 1;
	classes = {
	};
	objectVersion = 46;
	objects = {

/* Begin PBXBuildFile section */
		795FD0AE18DA4CF00083FC0F /* Foundation.framework in Frameworks */ = {isa = PBXBuildFile; fileRef = 795FD0AD18DA4CF00083FC0F /* Foundation.framework */; };
		795FD0B118DA4CF00083FC0F /* main.m in Sources */ = {isa = PBXBuildFile; fileRef = 795FD0B018DA4CF00083FC0F /* main.m */; };
		795FD0B518DA4CF00083FC0F /* ormMapper.1 in Copy Files */ = {isa = PBXBuildFile; fileRef = 795FD0B418DA4CF00083FC0F /* ormMapper.1 */; };
		795FD0BF18DA4E650083FC0F /* Pikachu.m in Sources */ = {isa = PBXBuildFile; fileRef = 795FD0BE18DA4E650083FC0F /* Pikachu.m */; };
		795FD0C118DA51BD0083FC0F /* libsqlite3.0.dylib in Frameworks */ = {isa = PBXBuildFile; fileRef = 795FD0C018DA51BD0083FC0F /* libsqlite3.0.dylib */; settings = {ATTRIBUTES = (Required, ); }; };
		7980E4A318DF1A5600FD0EA7 /* Bean.m in Sources */ = {isa = PBXBuildFile; fileRef = 7980E4A218DF1A5600FD0EA7 /* Bean.m */; };
		7980E4A718DF2B2300FD0EA7 /* SQLite.m in Sources */ = {isa = PBXBuildFile; fileRef = 7980E4A618DF2B2300FD0EA7 /* SQLite.m */; };
		7980E4AA18DF2B4D00FD0EA7 /* Adapter.m in Sources */ = {isa = PBXBuildFile; fileRef = 7980E4A918DF2B4D00FD0EA7 /* Adapter.m */; };
		D80B73F63A0963686EFA41FE /* Attack.m in Sources */ = {isa = PBXBuildFile; fileRef = D80B7735E4A2E0B109989F6C /* Attack.m */; };
/* End PBXBuildFile section */

/* Begin PBXCopyFilesBuildPhase section */
		795FD0A818DA4CF00083FC0F /* Copy Files */ = {
			isa = PBXCopyFilesBuildPhase;
			buildActionMask = 2147483647;
			dstPath = /usr/share/man/man1/;
			dstSubfolderSpec = 0;
			files = (
				795FD0B518DA4CF00083FC0F /* ormMapper.1 in Copy Files */,
			);
			name = "Copy Files";
			runOnlyForDeploymentPostprocessing = 1;
		};
/* End PBXCopyFilesBuildPhase section */

/* Begin PBXFileReference section */
		795FD0AA18DA4CF00083FC0F /* ormMapper */ = {isa = PBXFileReference; explicitFileType = "compiled.mach-o.executable"; includeInIndex = 0; path = ormMapper; sourceTree = BUILT_PRODUCTS_DIR; };
		795FD0AD18DA4CF00083FC0F /* Foundation.framework */ = {isa = PBXFileReference; lastKnownFileType = wrapper.framework; name = Foundation.framework; path = System/Library/Frameworks/Foundation.framework; sourceTree = SDKROOT; };
		795FD0B018DA4CF00083FC0F /* main.m */ = {isa = PBXFileReference; lastKnownFileType = sourcecode.c.objc; path = main.m; sourceTree = "<group>"; };
		795FD0B318DA4CF00083FC0F /* ormMapper-Prefix.pch */ = {isa = PBXFileReference; lastKnownFileType = sourcecode.c.h; path = "ormMapper-Prefix.pch"; sourceTree = "<group>"; };
		795FD0B418DA4CF00083FC0F /* ormMapper.1 */ = {isa = PBXFileReference; lastKnownFileType = text.man; path = ormMapper.1; sourceTree = "<group>"; };
		795FD0BD18DA4E650083FC0F /* Pikachu.h */ = {isa = PBXFileReference; fileEncoding = 4; lastKnownFileType = sourcecode.c.h; path = Pikachu.h; sourceTree = "<group>"; };
		795FD0BE18DA4E650083FC0F /* Pikachu.m */ = {isa = PBXFileReference; fileEncoding = 4; lastKnownFileType = sourcecode.c.objc; path = Pikachu.m; sourceTree = "<group>"; };
		795FD0C018DA51BD0083FC0F /* libsqlite3.0.dylib */ = {isa = PBXFileReference; lastKnownFileType = "compiled.mach-o.dylib"; name = libsqlite3.0.dylib; path = usr/lib/libsqlite3.0.dylib; sourceTree = SDKROOT; };
		7980E4A118DF1A5600FD0EA7 /* Bean.h */ = {isa = PBXFileReference; fileEncoding = 4; lastKnownFileType = sourcecode.c.h; path = Bean.h; sourceTree = "<group>"; };
		7980E4A218DF1A5600FD0EA7 /* Bean.m */ = {isa = PBXFileReference; fileEncoding = 4; lastKnownFileType = sourcecode.c.objc; path = Bean.m; sourceTree = "<group>"; };
		7980E4A518DF2B2300FD0EA7 /* SQLite.h */ = {isa = PBXFileReference; fileEncoding = 4; lastKnownFileType = sourcecode.c.h; path = SQLite.h; sourceTree = "<group>"; };
		7980E4A618DF2B2300FD0EA7 /* SQLite.m */ = {isa = PBXFileReference; fileEncoding = 4; lastKnownFileType = sourcecode.c.objc; path = SQLite.m; sourceTree = "<group>"; };
		7980E4A818DF2B4D00FD0EA7 /* Adapter.h */ = {isa = PBXFileReference; fileEncoding = 4; lastKnownFileType = sourcecode.c.h; path = Adapter.h; sourceTree = "<group>"; };
		7980E4A918DF2B4D00FD0EA7 /* Adapter.m */ = {isa = PBXFileReference; fileEncoding = 4; lastKnownFileType = sourcecode.c.objc; path = Adapter.m; sourceTree = "<group>"; };
		D80B7735E4A2E0B109989F6C /* Attack.m */ = {isa = PBXFileReference; fileEncoding = 4; lastKnownFileType = sourcecode.c.objc; path = Attack.m; sourceTree = "<group>"; };
		D80B7839684AD0E08E09D283 /* Attack.h */ = {isa = PBXFileReference; fileEncoding = 4; lastKnownFileType = sourcecode.c.h; path = Attack.h; sourceTree = "<group>"; };
/* End PBXFileReference section */

/* Begin PBXFrameworksBuildPhase section */
		795FD0A718DA4CF00083FC0F /* Frameworks */ = {
			isa = PBXFrameworksBuildPhase;
			buildActionMask = 2147483647;
			files = (
				795FD0C118DA51BD0083FC0F /* libsqlite3.0.dylib in Frameworks */,
				795FD0AE18DA4CF00083FC0F /* Foundation.framework in Frameworks */,
			);
			runOnlyForDeploymentPostprocessing = 0;
		};
/* End PBXFrameworksBuildPhase section */

/* Begin PBXGroup section */
		795FD0A118DA4CF00083FC0F = {
			isa = PBXGroup;
			children = (
				795FD0AF18DA4CF00083FC0F /* ormMapper */,
				795FD0AC18DA4CF00083FC0F /* Frameworks */,
				795FD0AB18DA4CF00083FC0F /* Products */,
			);
			sourceTree = "<group>";
		};
		795FD0AB18DA4CF00083FC0F /* Products */ = {
			isa = PBXGroup;
			children = (
				795FD0AA18DA4CF00083FC0F /* ormMapper */,
			);
			name = Products;
			sourceTree = "<group>";
		};
		795FD0AC18DA4CF00083FC0F /* Frameworks */ = {
			isa = PBXGroup;
			children = (
				795FD0C018DA51BD0083FC0F /* libsqlite3.0.dylib */,
				795FD0AD18DA4CF00083FC0F /* Foundation.framework */,
			);
			name = Frameworks;
			sourceTree = "<group>";
		};
		795FD0AF18DA4CF00083FC0F /* ormMapper */ = {
			isa = PBXGroup;
			children = (
				7980E4A418DF2B0500FD0EA7 /* Adapter */,
				795FD0BC18DA4E3A0083FC0F /* Mapper */,
				795FD0BB18DA4E2B0083FC0F /* Bean */,
				795FD0B018DA4CF00083FC0F /* main.m */,
				795FD0B418DA4CF00083FC0F /* ormMapper.1 */,
				795FD0B218DA4CF00083FC0F /* Supporting Files */,
			);
			path = ormMapper;
			sourceTree = "<group>";
		};
		795FD0B218DA4CF00083FC0F /* Supporting Files */ = {
			isa = PBXGroup;
			children = (
				795FD0B318DA4CF00083FC0F /* ormMapper-Prefix.pch */,
			);
			name = "Supporting Files";
			sourceTree = "<group>";
		};
		795FD0BB18DA4E2B0083FC0F /* Bean */ = {
			isa = PBXGroup;
			children = (
				795FD0BD18DA4E650083FC0F /* Pikachu.h */,
				795FD0BE18DA4E650083FC0F /* Pikachu.m */,
				D80B7735E4A2E0B109989F6C /* Attack.m */,
				D80B7839684AD0E08E09D283 /* Attack.h */,
			);
			name = Bean;
			sourceTree = "<group>";
		};
		795FD0BC18DA4E3A0083FC0F /* Mapper */ = {
			isa = PBXGroup;
			children = (
				7980E4A118DF1A5600FD0EA7 /* Bean.h */,
				7980E4A218DF1A5600FD0EA7 /* Bean.m */,
				7980E4A818DF2B4D00FD0EA7 /* Adapter.h */,
				7980E4A918DF2B4D00FD0EA7 /* Adapter.m */,
			);
			name = Mapper;
			sourceTree = "<group>";
		};
		7980E4A418DF2B0500FD0EA7 /* Adapter */ = {
			isa = PBXGroup;
			children = (
				7980E4A518DF2B2300FD0EA7 /* SQLite.h */,
				7980E4A618DF2B2300FD0EA7 /* SQLite.m */,
			);
			name = Adapter;
			sourceTree = "<group>";
		};
/* End PBXGroup section */

/* Begin PBXNativeTarget section */
		795FD0A918DA4CF00083FC0F /* ormMapper */ = {
			isa = PBXNativeTarget;
			buildConfigurationList = 795FD0B818DA4CF00083FC0F /* Build configuration list for PBXNativeTarget "ormMapper" */;
			buildPhases = (
				795FD0A618DA4CF00083FC0F /* Sources */,
				795FD0A718DA4CF00083FC0F /* Frameworks */,
				795FD0A818DA4CF00083FC0F /* Copy Files */,
			);
			buildRules = (
			);
			dependencies = (
			);
			name = ormMapper;
			productName = ormMapper;
			productReference = 795FD0AA18DA4CF00083FC0F /* ormMapper */;
			productType = "com.apple.product-type.tool";
		};
/* End PBXNativeTarget section */

/* Begin PBXProject section */
		795FD0A218DA4CF00083FC0F /* Project object */ = {
			isa = PBXProject;
			attributes = {
				CLASSPREFIX = "";
				LastUpgradeCheck = 0510;
				ORGANIZATIONNAME = 169174supinfo;
			};
			buildConfigurationList = 795FD0A518DA4CF00083FC0F /* Build configuration list for PBXProject "ormMapper" */;
			compatibilityVersion = "Xcode 3.2";
			developmentRegion = English;
			hasScannedForEncodings = 0;
			knownRegions = (
				en,
			);
			mainGroup = 795FD0A118DA4CF00083FC0F;
			productRefGroup = 795FD0AB18DA4CF00083FC0F /* Products */;
			projectDirPath = "";
			projectRoot = "";
			targets = (
				795FD0A918DA4CF00083FC0F /* ormMapper */,
			);
		};
/* End PBXProject section */

/* Begin PBXSourcesBuildPhase section */
		795FD0A618DA4CF00083FC0F /* Sources */ = {
			isa = PBXSourcesBuildPhase;
			buildActionMask = 2147483647;
			files = (
				7980E4AA18DF2B4D00FD0EA7 /* Adapter.m in Sources */,
				7980E4A318DF1A5600FD0EA7 /* Bean.m in Sources */,
				7980E4A718DF2B2300FD0EA7 /* SQLite.m in Sources */,
				795FD0B118DA4CF00083FC0F /* main.m in Sources */,
				795FD0BF18DA4E650083FC0F /* Pikachu.m in Sources */,
				D80B73F63A0963686EFA41FE /* Attack.m in Sources */,
			);
			runOnlyForDeploymentPostprocessing = 0;
		};
/* End PBXSourcesBuildPhase section */

/* Begin XCBuildConfiguration section */
		795FD0B618DA4CF00083FC0F /* Debug */ = {
			isa = XCBuildConfiguration;
			buildSettings = {
				ALWAYS_SEARCH_USER_PATHS = NO;
				CLANG_CXX_LANGUAGE_STANDARD = "gnu++0x";
				CLANG_CXX_LIBRARY = "libc++";
				CLANG_ENABLE_MODULES = YES;
				CLANG_ENABLE_OBJC_ARC = YES;
				CLANG_WARN_BOOL_CONVERSION = YES;
				CLANG_WARN_CONSTANT_CONVERSION = YES;
				CLANG_WARN_DIRECT_OBJC_ISA_USAGE = YES_ERROR;
				CLANG_WARN_EMPTY_BODY = YES;
				CLANG_WARN_ENUM_CONVERSION = YES;
				CLANG_WARN_INT_CONVERSION = YES;
				CLANG_WARN_OBJC_ROOT_CLASS = YES_ERROR;
				CLANG_WARN__DUPLICATE_METHOD_MATCH = YES;
				COPY_PHASE_STRIP = NO;
				GCC_C_LANGUAGE_STANDARD = gnu99;
				GCC_DYNAMIC_NO_PIC = NO;
				GCC_ENABLE_OBJC_EXCEPTIONS = YES;
				GCC_OPTIMIZATION_LEVEL = 0;
				GCC_PREPROCESSOR_DEFINITIONS = (
					"DEBUG=1",
					"$(inherited)",
				);
				GCC_SYMBOLS_PRIVATE_EXTERN = NO;
				GCC_WARN_64_TO_32_BIT_CONVERSION = YES;
				GCC_WARN_ABOUT_RETURN_TYPE = YES_ERROR;
				GCC_WARN_UNDECLARED_SELECTOR = YES;
				GCC_WARN_UNINITIALIZED_AUTOS = YES_AGGRESSIVE;
				GCC_WARN_UNUSED_FUNCTION = YES;
				GCC_WARN_UNUSED_VARIABLE = YES;
				MACOSX_DEPLOYMENT_TARGET = 10.9;
				ONLY_ACTIVE_ARCH = YES;
				SDKROOT = macosx;
			};
			name = Debug;
		};
		795FD0B718DA4CF00083FC0F /* Release */ = {
			isa = XCBuildConfiguration;
			buildSettings = {
				ALWAYS_SEARCH_USER_PATHS = NO;
				CLANG_CXX_LANGUAGE_STANDARD = "gnu++0x";
				CLANG_CXX_LIBRARY = "libc++";
				CLANG_ENABLE_MODULES = YES;
				CLANG_ENABLE_OBJC_ARC = YES;
				CLANG_WARN_BOOL_CONVERSION = YES;
				CLANG_WARN_CONSTANT_CONVERSION = YES;
				CLANG_WARN_DIRECT_OBJC_ISA_USAGE = YES_ERROR;
				CLANG_WARN_EMPTY_BODY = YES;
				CLANG_WARN_ENUM_CONVERSION = YES;
				CLANG_WARN_INT_CONVERSION = YES;
				CLANG_WARN_OBJC_ROOT_CLASS = YES_ERROR;
				CLANG_WARN__DUPLICATE_METHOD_MATCH = YES;
				COPY_PHASE_STRIP = YES;
				DEBUG_INFORMATION_FORMAT = "dwarf-with-dsym";
				ENABLE_NS_ASSERTIONS = NO;
				GCC_C_LANGUAGE_STANDARD = gnu99;
				GCC_ENABLE_OBJC_EXCEPTIONS = YES;
				GCC_WARN_64_TO_32_BIT_CONVERSION = YES;
				GCC_WARN_ABOUT_RETURN_TYPE = YES_ERROR;
				GCC_WARN_UNDECLARED_SELECTOR = YES;
				GCC_WARN_UNINITIALIZED_AUTOS = YES_AGGRESSIVE;
				GCC_WARN_UNUSED_FUNCTION = YES;
				GCC_WARN_UNUSED_VARIABLE = YES;
				MACOSX_DEPLOYMENT_TARGET = 10.9;
				SDKROOT = macosx;
			};
			name = Release;
		};
		795FD0B918DA4CF00083FC0F /* Debug */ = {
			isa = XCBuildConfiguration;
			buildSettings = {
				ARCHS = "$(ARCHS_STANDARD_32_64_BIT)";
				CODE_SIGN_IDENTITY = "XCode Code Sign";
				GCC_PRECOMPILE_PREFIX_HEADER = YES;
				GCC_PREFIX_HEADER = "ormMapper/ormMapper-Prefix.pch";
				ONLY_ACTIVE_ARCH = YES;
				PRODUCT_NAME = "$(TARGET_NAME)";
				RUN_CLANG_STATIC_ANALYZER = YES;
				SDKROOT = macosx10.8;
			};
			name = Debug;
		};
		795FD0BA18DA4CF00083FC0F /* Release */ = {
			isa = XCBuildConfiguration;
			buildSettings = {
				ARCHS = "$(ARCHS_STANDARD_32_64_BIT)";
				CODE_SIGN_IDENTITY = "XCode Code Sign";
				GCC_PRECOMPILE_PREFIX_HEADER = YES;
				GCC_PREFIX_HEADER = "ormMapper/ormMapper-Prefix.pch";
				ONLY_ACTIVE_ARCH = YES;
				PRODUCT_NAME = "$(TARGET_NAME)";
				RUN_CLANG_STATIC_ANALYZER = YES;
				SDKROOT = macosx10.8;
			};
			name = Release;
		};
/* End XCBuildConfiguration section */

/* Begin XCConfigurationList section */
		795FD0A518DA4CF00083FC0F /* Build configuration list for PBXProject "ormMapper" */ = {
			isa = XCConfigurationList;
			buildConfigurations = (
				795FD0B618DA4CF00083FC0F /* Debug */,
				795FD0B718DA4CF00083FC0F /* Release */,
			);
			defaultConfigurationIsVisible = 0;
			defaultConfigurationName = Release;
		};
		795FD0B818DA4CF00083FC0F /* Build configuration list for PBXNativeTarget "ormMapper" */ = {
			isa = XCConfigurationList;
			buildConfigurations = (
				795FD0B918DA4CF00083FC0F /* Debug */,
				795FD0BA18DA4CF00083FC0F /* Release */,
			);
			defaultConfigurationIsVisible = 0;
			defaultConfigurationName = Release;
		};
/* End XCConfigurationList section */
	};
	rootObject = 795FD0A218DA4CF00083FC0F /* Project object */;
}
